
Microsoft Visual Studio Solution File, Format Version 12.00
# Visual Studio 15
VisualStudioVersion = 15.0.28307.539
MinimumVisualStudioVersion = 10.0.40219.1
Project("{FAE04EC0-301F-11D3-BF4B-00C04F79EFBC}") = "TestTaskForSVAPSSystems", "TestTaskForSVAPSSystems\TestTaskForSVAPSSystems.csproj", "{CE7DFEDF-4936-4307-B4AF-A5EDF0FAF087}"
EndProject
Global
	GlobalSection(SolutionConfigurationPlatforms) = preSolution
		Debug|Any CPU = Debug|Any CPU
		Release|Any CPU = Release|Any CPU
	EndGlobalSection
	GlobalSection(ProjectConfigurationPlatforms) = postSolution
		{CE7DFEDF-4936-4307-B4AF-A5EDF0FAF087}.Debug|Any CPU.ActiveCfg = Debug|Any CPU
		{CE7DFEDF-4936-4307-B4AF-A5EDF0FAF087}.Debug|Any CPU.Build.0 = Debug|Any CPU
		{CE7DFEDF-4936-4307-B4AF-A5EDF0FAF087}.Release|Any CPU.ActiveCfg = Release|Any CPU
		{CE7DFEDF-4936-4307-B4AF-A5EDF0FAF087}.Release|Any CPU.Build.0 = Release|Any CPU
	EndGlobalSection
	GlobalSection(SolutionProperties) = preSolution
		HideSolutionNode = FALSE
	EndGlobalSection
	GlobalSection(ExtensibilityGlobals) = postSolution
		SolutionGuid = {09AFB8D3-EC5E-47D0-B3A7-547190887839}
	EndGlobalSection
EndGlobal
